
Microsoft Visual Studio Solution File, Format Version 12.00
# Visual Studio Version 17
VisualStudioVersion = 17.8.34330.188
MinimumVisualStudioVersion = 10.0.40219.1
Project("{9A19103F-16F7-4668-BE54-9A1E7A4F7556}") = "TalentoTrack.API", "TalentoTrack_API\TalentoTrack.API.csproj", "{400C332E-6799-4A1D-9D45-60F32757F9E1}"
EndProject
Project("{FAE04EC0-301F-11D3-BF4B-00C04F79EFBC}") = "TalentoTrack.Common", "TalentoTrack.Common\TalentoTrack.Common.csproj", "{D6F159C2-4BD8-4647-85D5-69C2D1FE74F9}"
EndProject
Project("{FAE04EC0-301F-11D3-BF4B-00C04F79EFBC}") = "TalentoTrack.Service", "TalentoTrack.Service\TalentoTrack.Service.csproj", "{DA35BC97-0256-413D-A06A-C4A66177ACE7}"
EndProject
Project("{FAE04EC0-301F-11D3-BF4B-00C04F79EFBC}") = "TalentoTrack.Dao", "TalentoTrack.Dao\TalentoTrack.Dao.csproj", "{3E7C7F62-2F36-4E9E-8D4C-59A5C7A5F2CC}"
EndProject
Global
	GlobalSection(SolutionConfigurationPlatforms) = preSolution
		Debug|Any CPU = Debug|Any CPU
		Release|Any CPU = Release|Any CPU
	EndGlobalSection
	GlobalSection(ProjectConfigurationPlatforms) = postSolution
		{400C332E-6799-4A1D-9D45-60F32757F9E1}.Debug|Any CPU.ActiveCfg = Debug|Any CPU
		{400C332E-6799-4A1D-9D45-60F32757F9E1}.Debug|Any CPU.Build.0 = Debug|Any CPU
		{400C332E-6799-4A1D-9D45-60F32757F9E1}.Release|Any CPU.ActiveCfg = Release|Any CPU
		{400C332E-6799-4A1D-9D45-60F32757F9E1}.Release|Any CPU.Build.0 = Release|Any CPU
		{D6F159C2-4BD8-4647-85D5-69C2D1FE74F9}.Debug|Any CPU.ActiveCfg = Debug|Any CPU
		{D6F159C2-4BD8-4647-85D5-69C2D1FE74F9}.Debug|Any CPU.Build.0 = Debug|Any CPU
		{D6F159C2-4BD8-4647-85D5-69C2D1FE74F9}.Release|Any CPU.ActiveCfg = Release|Any CPU
		{D6F159C2-4BD8-4647-85D5-69C2D1FE74F9}.Release|Any CPU.Build.0 = Release|Any CPU
		{DA35BC97-0256-413D-A06A-C4A66177ACE7}.Debug|Any CPU.ActiveCfg = Debug|Any CPU
		{DA35BC97-0256-413D-A06A-C4A66177ACE7}.Debug|Any CPU.Build.0 = Debug|Any CPU
		{DA35BC97-0256-413D-A06A-C4A66177ACE7}.Release|Any CPU.ActiveCfg = Release|Any CPU
		{DA35BC97-0256-413D-A06A-C4A66177ACE7}.Release|Any CPU.Build.0 = Release|Any CPU
		{3E7C7F62-2F36-4E9E-8D4C-59A5C7A5F2CC}.Debug|Any CPU.ActiveCfg = Debug|Any CPU
		{3E7C7F62-2F36-4E9E-8D4C-59A5C7A5F2CC}.Debug|Any CPU.Build.0 = Debug|Any CPU
		{3E7C7F62-2F36-4E9E-8D4C-59A5C7A5F2CC}.Release|Any CPU.ActiveCfg = Release|Any CPU
		{3E7C7F62-2F36-4E9E-8D4C-59A5C7A5F2CC}.Release|Any CPU.Build.0 = Release|Any CPU
	EndGlobalSection
	GlobalSection(SolutionProperties) = preSolution
		HideSolutionNode = FALSE
	EndGlobalSection
	GlobalSection(ExtensibilityGlobals) = postSolution
		SolutionGuid = {91735886-2B29-4C9D-8C02-56A809E9FAA3}
	EndGlobalSection
EndGlobal
